// !$*UTF8*$!
{
	archiveVersion = 1;
	classes = {
	};
	objectVersion = 56;
	objects = {

/* Begin PBXBuildFile section */
		523364F92AD3F3DE00D792C3 /* ATUMAREApp.swift in Sources */ = {isa = PBXBuildFile; fileRef = 523364F82AD3F3DE00D792C3 /* ATUMAREApp.swift */; };
		523364FB2AD3F3DE00D792C3 /* ContentView.swift in Sources */ = {isa = PBXBuildFile; fileRef = 523364FA2AD3F3DE00D792C3 /* ContentView.swift */; };
		523364FD2AD3F3E000D792C3 /* Assets.xcassets in Resources */ = {isa = PBXBuildFile; fileRef = 523364FC2AD3F3E000D792C3 /* Assets.xcassets */; };
		523365002AD3F3E000D792C3 /* Preview Assets.xcassets in Resources */ = {isa = PBXBuildFile; fileRef = 523364FF2AD3F3E000D792C3 /* Preview Assets.xcassets */; };
		523365072AD3F42C00D792C3 /* Atumeru.swift in Sources */ = {isa = PBXBuildFile; fileRef = 523365062AD3F42C00D792C3 /* Atumeru.swift */; };
		523365092AD3F43900D792C3 /* Atumaru.swift in Sources */ = {isa = PBXBuildFile; fileRef = 523365082AD3F43900D792C3 /* Atumaru.swift */; };
		5233650E2AD3F4DB00D792C3 /* AtumaruMap.swift in Sources */ = {isa = PBXBuildFile; fileRef = 5233650D2AD3F4DB00D792C3 /* AtumaruMap.swift */; };
		523365102AD3F4E700D792C3 /* AtumeruMap.swift in Sources */ = {isa = PBXBuildFile; fileRef = 5233650F2AD3F4E700D792C3 /* AtumeruMap.swift */; };
		523365132AD3F54C00D792C3 /* AtumeruWeiting.swift in Sources */ = {isa = PBXBuildFile; fileRef = 523365122AD3F54C00D792C3 /* AtumeruWeiting.swift */; };
/* End PBXBuildFile section */

/* Begin PBXFileReference section */
		523364F52AD3F3DE00D792C3 /* ATUMARE.app */ = {isa = PBXFileReference; explicitFileType = wrapper.application; includeInIndex = 0; path = ATUMARE.app; sourceTree = BUILT_PRODUCTS_DIR; };
		523364F82AD3F3DE00D792C3 /* ATUMAREApp.swift */ = {isa = PBXFileReference; lastKnownFileType = sourcecode.swift; path = ATUMAREApp.swift; sourceTree = "<group>"; };
		523364FA2AD3F3DE00D792C3 /* ContentView.swift */ = {isa = PBXFileReference; lastKnownFileType = sourcecode.swift; path = ContentView.swift; sourceTree = "<group>"; };
		523364FC2AD3F3E000D792C3 /* Assets.xcassets */ = {isa = PBXFileReference; lastKnownFileType = folder.assetcatalog; path = Assets.xcassets; sourceTree = "<group>"; };
		523364FF2AD3F3E000D792C3 /* Preview Assets.xcassets */ = {isa = PBXFileReference; lastKnownFileType = folder.assetcatalog; path = "Preview Assets.xcassets"; sourceTree = "<group>"; };
		523365062AD3F42C00D792C3 /* Atumeru.swift */ = {isa = PBXFileReference; lastKnownFileType = sourcecode.swift; path = Atumeru.swift; sourceTree = "<group>"; };
		523365082AD3F43900D792C3 /* Atumaru.swift */ = {isa = PBXFileReference; lastKnownFileType = sourcecode.swift; path = Atumaru.swift; sourceTree = "<group>"; };
		5233650D2AD3F4DB00D792C3 /* AtumaruMap.swift */ = {isa = PBXFileReference; lastKnownFileType = sourcecode.swift; path = AtumaruMap.swift; sourceTree = "<group>"; };
		5233650F2AD3F4E700D792C3 /* AtumeruMap.swift */ = {isa = PBXFileReference; lastKnownFileType = sourcecode.swift; path = AtumeruMap.swift; sourceTree = "<group>"; };
		523365122AD3F54C00D792C3 /* AtumeruWeiting.swift */ = {isa = PBXFileReference; lastKnownFileType = sourcecode.swift; path = AtumeruWeiting.swift; sourceTree = "<group>"; };
/* End PBXFileReference section */

/* Begin PBXFrameworksBuildPhase section */
		523364F22AD3F3DE00D792C3 /* Frameworks */ = {
			isa = PBXFrameworksBuildPhase;
			buildActionMask = 2147483647;
			files = (
			);
			runOnlyForDeploymentPostprocessing = 0;
		};
/* End PBXFrameworksBuildPhase section */

/* Begin PBXGroup section */
		523364EC2AD3F3DE00D792C3 = {
			isa = PBXGroup;
			children = (
				523364F72AD3F3DE00D792C3 /* ATUMARE */,
				523364F62AD3F3DE00D792C3 /* Products */,
			);
			sourceTree = "<group>";
		};
		523364F62AD3F3DE00D792C3 /* Products */ = {
			isa = PBXGroup;
			children = (
				523364F52AD3F3DE00D792C3 /* ATUMARE.app */,
			);
			name = Products;
			sourceTree = "<group>";
		};
		523364F72AD3F3DE00D792C3 /* ATUMARE */ = {
			isa = PBXGroup;
			children = (
				523364F82AD3F3DE00D792C3 /* ATUMAREApp.swift */,
				523364FA2AD3F3DE00D792C3 /* ContentView.swift */,
				5233650B2AD3F48F00D792C3 /* Atumaru */,
				5233650A2AD3F48700D792C3 /* Atumeru */,
				523364FC2AD3F3E000D792C3 /* Assets.xcassets */,
				523364FE2AD3F3E000D792C3 /* Preview Content */,
			);
			path = ATUMARE;
			sourceTree = "<group>";
		};
		523364FE2AD3F3E000D792C3 /* Preview Content */ = {
			isa = PBXGroup;
			children = (
				523364FF2AD3F3E000D792C3 /* Preview Assets.xcassets */,
			);
			path = "Preview Content";
			sourceTree = "<group>";
		};
		5233650A2AD3F48700D792C3 /* Atumeru */ = {
			isa = PBXGroup;
			children = (
				523365062AD3F42C00D792C3 /* Atumeru.swift */,
				5233650F2AD3F4E700D792C3 /* AtumeruMap.swift */,
				523365122AD3F54C00D792C3 /* AtumeruWeiting.swift */,
			);
			path = Atumeru;
			sourceTree = "<group>";
		};
		5233650B2AD3F48F00D792C3 /* Atumaru */ = {
			isa = PBXGroup;
			children = (
				523365082AD3F43900D792C3 /* Atumaru.swift */,
				5233650D2AD3F4DB00D792C3 /* AtumaruMap.swift */,
			);
			path = Atumaru;
			sourceTree = "<group>";
		};
/* End PBXGroup section */

/* Begin PBXNativeTarget section */
		523364F42AD3F3DE00D792C3 /* ATUMARE */ = {
			isa = PBXNativeTarget;
			buildConfigurationList = 523365032AD3F3E000D792C3 /* Build configuration list for PBXNativeTarget "ATUMARE" */;
			buildPhases = (
				523364F12AD3F3DE00D792C3 /* Sources */,
				523364F22AD3F3DE00D792C3 /* Frameworks */,
				523364F32AD3F3DE00D792C3 /* Resources */,
			);
			buildRules = (
			);
			dependencies = (
			);
			name = ATUMARE;
			productName = ATUMARE;
			productReference = 523364F52AD3F3DE00D792C3 /* ATUMARE.app */;
			productType = "com.apple.product-type.application";
		};
/* End PBXNativeTarget section */

/* Begin PBXProject section */
		523364ED2AD3F3DE00D792C3 /* Project object */ = {
			isa = PBXProject;
			attributes = {
				BuildIndependentTargetsInParallel = 1;
				LastSwiftUpdateCheck = 1500;
				LastUpgradeCheck = 1500;
				TargetAttributes = {
					523364F42AD3F3DE00D792C3 = {
						CreatedOnToolsVersion = 15.0;
					};
				};
			};
			buildConfigurationList = 523364F02AD3F3DE00D792C3 /* Build configuration list for PBXProject "ATUMARE" */;
			compatibilityVersion = "Xcode 14.0";
			developmentRegion = en;
			hasScannedForEncodings = 0;
			knownRegions = (
				en,
				Base,
			);
			mainGroup = 523364EC2AD3F3DE00D792C3;
			productRefGroup = 523364F62AD3F3DE00D792C3 /* Products */;
			projectDirPath = "";
			projectRoot = "";
			targets = (
				523364F42AD3F3DE00D792C3 /* ATUMARE */,
			);
		};
/* End PBXProject section */

/* Begin PBXResourcesBuildPhase section */
		523364F32AD3F3DE00D792C3 /* Resources */ = {
			isa = PBXResourcesBuildPhase;
			buildActionMask = 2147483647;
			files = (
				523365002AD3F3E000D792C3 /* Preview Assets.xcassets in Resources */,
				523364FD2AD3F3E000D792C3 /* Assets.xcassets in Resources */,
			);
			runOnlyForDeploymentPostprocessing = 0;
		};
/* End PBXResourcesBuildPhase section */

/* Begin PBXSourcesBuildPhase section */
		523364F12AD3F3DE00D792C3 /* Sources */ = {
			isa = PBXSourcesBuildPhase;
			buildActionMask = 2147483647;
			files = (
				523365102AD3F4E700D792C3 /* AtumeruMap.swift in Sources */,
				523364FB2AD3F3DE00D792C3 /* ContentView.swift in Sources */,
				523364F92AD3F3DE00D792C3 /* ATUMAREApp.swift in Sources */,
				5233650E2AD3F4DB00D792C3 /* AtumaruMap.swift in Sources */,
				523365072AD3F42C00D792C3 /* Atumeru.swift in Sources */,
				523365132AD3F54C00D792C3 /* AtumeruWeiting.swift in Sources */,
				523365092AD3F43900D792C3 /* Atumaru.swift in Sources */,
			);
			runOnlyForDeploymentPostprocessing = 0;
		};
/* End PBXSourcesBuildPhase section */

/* Begin XCBuildConfiguration section */
		523365012AD3F3E000D792C3 /* Debug */ = {
			isa = XCBuildConfiguration;
			buildSettings = {
				ALWAYS_SEARCH_USER_PATHS = NO;
				ASSETCATALOG_COMPILER_GENERATE_SWIFT_ASSET_SYMBOL_EXTENSIONS = YES;
				CLANG_ANALYZER_NONNULL = YES;
				CLANG_ANALYZER_NUMBER_OBJECT_CONVERSION = YES_AGGRESSIVE;
				CLANG_CXX_LANGUAGE_STANDARD = "gnu++20";
				CLANG_ENABLE_MODULES = YES;
				CLANG_ENABLE_OBJC_ARC = YES;
				CLANG_ENABLE_OBJC_WEAK = YES;
				CLANG_WARN_BLOCK_CAPTURE_AUTORELEASING = YES;
				CLANG_WARN_BOOL_CONVERSION = YES;
				CLANG_WARN_COMMA = YES;
				CLANG_WARN_CONSTANT_CONVERSION = YES;
				CLANG_WARN_DEPRECATED_OBJC_IMPLEMENTATIONS = YES;
				CLANG_WARN_DIRECT_OBJC_ISA_USAGE = YES_ERROR;
				CLANG_WARN_DOCUMENTATION_COMMENTS = YES;
				CLANG_WARN_EMPTY_BODY = YES;
				CLANG_WARN_ENUM_CONVERSION = YES;
				CLANG_WARN_INFINITE_RECURSION = YES;
				CLANG_WARN_INT_CONVERSION = YES;
				CLANG_WARN_NON_LITERAL_NULL_CONVERSION = YES;
				CLANG_WARN_OBJC_IMPLICIT_RETAIN_SELF = YES;
				CLANG_WARN_OBJC_LITERAL_CONVERSION = YES;
				CLANG_WARN_OBJC_ROOT_CLASS = YES_ERROR;
				CLANG_WARN_QUOTED_INCLUDE_IN_FRAMEWORK_HEADER = YES;
				CLANG_WARN_RANGE_LOOP_ANALYSIS = YES;
				CLANG_WARN_STRICT_PROTOTYPES = YES;
				CLANG_WARN_SUSPICIOUS_MOVE = YES;
				CLANG_WARN_UNGUARDED_AVAILABILITY = YES_AGGRESSIVE;
				CLANG_WARN_UNREACHABLE_CODE = YES;
				CLANG_WARN__DUPLICATE_METHOD_MATCH = YES;
				COPY_PHASE_STRIP = NO;
				DEBUG_INFORMATION_FORMAT = dwarf;
				ENABLE_STRICT_OBJC_MSGSEND = YES;
				ENABLE_TESTABILITY = YES;
				ENABLE_USER_SCRIPT_SANDBOXING = YES;
				GCC_C_LANGUAGE_STANDARD = gnu17;
				GCC_DYNAMIC_NO_PIC = NO;
				GCC_NO_COMMON_BLOCKS = YES;
				GCC_OPTIMIZATION_LEVEL = 0;
				GCC_PREPROCESSOR_DEFINITIONS = (
					"DEBUG=1",
					"$(inherited)",
				);
				GCC_WARN_64_TO_32_BIT_CONVERSION = YES;
				GCC_WARN_ABOUT_RETURN_TYPE = YES_ERROR;
				GCC_WARN_UNDECLARED_SELECTOR = YES;
				GCC_WARN_UNINITIALIZED_AUTOS = YES_AGGRESSIVE;
				GCC_WARN_UNUSED_FUNCTION = YES;
				GCC_WARN_UNUSED_VARIABLE = YES;
				IPHONEOS_DEPLOYMENT_TARGET = 17.0;
				LOCALIZATION_PREFERS_STRING_CATALOGS = YES;
				MTL_ENABLE_DEBUG_INFO = INCLUDE_SOURCE;
				MTL_FAST_MATH = YES;
				ONLY_ACTIVE_ARCH = YES;
				SDKROOT = iphoneos;
				SWIFT_ACTIVE_COMPILATION_CONDITIONS = "DEBUG $(inherited)";
				SWIFT_OPTIMIZATION_LEVEL = "-Onone";
			};
			name = Debug;
		};
		523365022AD3F3E000D792C3 /* Release */ = {
			isa = XCBuildConfiguration;
			buildSettings = {
				ALWAYS_SEARCH_USER_PATHS = NO;
				ASSETCATALOG_COMPILER_GENERATE_SWIFT_ASSET_SYMBOL_EXTENSIONS = YES;
				CLANG_ANALYZER_NONNULL = YES;
				CLANG_ANALYZER_NUMBER_OBJECT_CONVERSION = YES_AGGRESSIVE;
				CLANG_CXX_LANGUAGE_STANDARD = "gnu++20";
				CLANG_ENABLE_MODULES = YES;
				CLANG_ENABLE_OBJC_ARC = YES;
				CLANG_ENABLE_OBJC_WEAK = YES;
				CLANG_WARN_BLOCK_CAPTURE_AUTORELEASING = YES;
				CLANG_WARN_BOOL_CONVERSION = YES;
				CLANG_WARN_COMMA = YES;
				CLANG_WARN_CONSTANT_CONVERSION = YES;
				CLANG_WARN_DEPRECATED_OBJC_IMPLEMENTATIONS = YES;
				CLANG_WARN_DIRECT_OBJC_ISA_USAGE = YES_ERROR;
				CLANG_WARN_DOCUMENTATION_COMMENTS = YES;
				CLANG_WARN_EMPTY_BODY = YES;
				CLANG_WARN_ENUM_CONVERSION = YES;
				CLANG_WARN_INFINITE_RECURSION = YES;
				CLANG_WARN_INT_CONVERSION = YES;
				CLANG_WARN_NON_LITERAL_NULL_CONVERSION = YES;
				CLANG_WARN_OBJC_IMPLICIT_RETAIN_SELF = YES;
				CLANG_WARN_OBJC_LITERAL_CONVERSION = YES;
				CLANG_WARN_OBJC_ROOT_CLASS = YES_ERROR;
				CLANG_WARN_QUOTED_INCLUDE_IN_FRAMEWORK_HEADER = YES;
				CLANG_WARN_RANGE_LOOP_ANALYSIS = YES;
				CLANG_WARN_STRICT_PROTOTYPES = YES;
				CLANG_WARN_SUSPICIOUS_MOVE = YES;
				CLANG_WARN_UNGUARDED_AVAILABILITY = YES_AGGRESSIVE;
				CLANG_WARN_UNREACHABLE_CODE = YES;
				CLANG_WARN__DUPLICATE_METHOD_MATCH = YES;
				COPY_PHASE_STRIP = NO;
				DEBUG_INFORMATION_FORMAT = "dwarf-with-dsym";
				ENABLE_NS_ASSERTIONS = NO;
				ENABLE_STRICT_OBJC_MSGSEND = YES;
				ENABLE_USER_SCRIPT_SANDBOXING = YES;
				GCC_C_LANGUAGE_STANDARD = gnu17;
				GCC_NO_COMMON_BLOCKS = YES;
				GCC_WARN_64_TO_32_BIT_CONVERSION = YES;
				GCC_WARN_ABOUT_RETURN_TYPE = YES_ERROR;
				GCC_WARN_UNDECLARED_SELECTOR = YES;
				GCC_WARN_UNINITIALIZED_AUTOS = YES_AGGRESSIVE;
				GCC_WARN_UNUSED_FUNCTION = YES;
				GCC_WARN_UNUSED_VARIABLE = YES;
				IPHONEOS_DEPLOYMENT_TARGET = 17.0;
				LOCALIZATION_PREFERS_STRING_CATALOGS = YES;
				MTL_ENABLE_DEBUG_INFO = NO;
				MTL_FAST_MATH = YES;
				SDKROOT = iphoneos;
				SWIFT_COMPILATION_MODE = wholemodule;
				VALIDATE_PRODUCT = YES;
			};
			name = Release;
		};
		523365042AD3F3E000D792C3 /* Debug */ = {
			isa = XCBuildConfiguration;
			buildSettings = {
				ASSETCATALOG_COMPILER_APPICON_NAME = AppIcon;
				ASSETCATALOG_COMPILER_GLOBAL_ACCENT_COLOR_NAME = AccentColor;
				CODE_SIGN_STYLE = Automatic;
				CURRENT_PROJECT_VERSION = 1;
				DEVELOPMENT_ASSET_PATHS = "\"ATUMARE/Preview Content\"";
				DEVELOPMENT_TEAM = 9ACM3MY2N2;
				ENABLE_PREVIEWS = YES;
				GENERATE_INFOPLIST_FILE = YES;
				INFOPLIST_KEY_UIApplicationSceneManifest_Generation = YES;
				INFOPLIST_KEY_UIApplicationSupportsIndirectInputEvents = YES;
				INFOPLIST_KEY_UILaunchScreen_Generation = YES;
				INFOPLIST_KEY_UISupportedInterfaceOrientations_iPad = "UIInterfaceOrientationPortrait UIInterfaceOrientationPortraitUpsideDown UIInterfaceOrientationLandscapeLeft UIInterfaceOrientationLandscapeRight";
				INFOPLIST_KEY_UISupportedInterfaceOrientations_iPhone = "UIInterfaceOrientationPortrait UIInterfaceOrientationLandscapeLeft UIInterfaceOrientationLandscapeRight";
				LD_RUNPATH_SEARCH_PATHS = (
					"$(inherited)",
					"@executable_path/Frameworks",
				);
				MARKETING_VERSION = 1.0;
				PRODUCT_BUNDLE_IDENTIFIER = com.wakog.ATUMARE;
				PRODUCT_NAME = "$(TARGET_NAME)";
				SWIFT_EMIT_LOC_STRINGS = YES;
				SWIFT_VERSION = 5.0;
				TARGETED_DEVICE_FAMILY = "1,2";
			};
			name = Debug;
		};
		523365052AD3F3E000D792C3 /* Release */ = {
			isa = XCBuildConfiguration;
			buildSettings = {
				ASSETCATALOG_COMPILER_APPICON_NAME = AppIcon;
				ASSETCATALOG_COMPILER_GLOBAL_ACCENT_COLOR_NAME = AccentColor;
				CODE_SIGN_STYLE = Automatic;
				CURRENT_PROJECT_VERSION = 1;
				DEVELOPMENT_ASSET_PATHS = "\"ATUMARE/Preview Content\"";
				DEVELOPMENT_TEAM = 9ACM3MY2N2;
				ENABLE_PREVIEWS = YES;
				GENERATE_INFOPLIST_FILE = YES;
				INFOPLIST_KEY_UIApplicationSceneManifest_Generation = YES;
				INFOPLIST_KEY_UIApplicationSupportsIndirectInputEvents = YES;
				INFOPLIST_KEY_UILaunchScreen_Generation = YES;
				INFOPLIST_KEY_UISupportedInterfaceOrientations_iPad = "UIInterfaceOrientationPortrait UIInterfaceOrientationPortraitUpsideDown UIInterfaceOrientationLandscapeLeft UIInterfaceOrientationLandscapeRight";
				INFOPLIST_KEY_UISupportedInterfaceOrientations_iPhone = "UIInterfaceOrientationPortrait UIInterfaceOrientationLandscapeLeft UIInterfaceOrientationLandscapeRight";
				LD_RUNPATH_SEARCH_PATHS = (
					"$(inherited)",
					"@executable_path/Frameworks",
				);
				MARKETING_VERSION = 1.0;
				PRODUCT_BUNDLE_IDENTIFIER = com.wakog.ATUMARE;
				PRODUCT_NAME = "$(TARGET_NAME)";
				SWIFT_EMIT_LOC_STRINGS = YES;
				SWIFT_VERSION = 5.0;
				TARGETED_DEVICE_FAMILY = "1,2";
			};
			name = Release;
		};
/* End XCBuildConfiguration section */

/* Begin XCConfigurationList section */
		523364F02AD3F3DE00D792C3 /* Build configuration list for PBXProject "ATUMARE" */ = {
			isa = XCConfigurationList;
			buildConfigurations = (
				523365012AD3F3E000D792C3 /* Debug */,
				523365022AD3F3E000D792C3 /* Release */,
			);
			defaultConfigurationIsVisible = 0;
			defaultConfigurationName = Release;
		};
		523365032AD3F3E000D792C3 /* Build configuration list for PBXNativeTarget "ATUMARE" */ = {
			isa = XCConfigurationList;
			buildConfigurations = (
				523365042AD3F3E000D792C3 /* Debug */,
				523365052AD3F3E000D792C3 /* Release */,
			);
			defaultConfigurationIsVisible = 0;
			defaultConfigurationName = Release;
		};
/* End XCConfigurationList section */
	};
	rootObject = 523364ED2AD3F3DE00D792C3 /* Project object */;
}
